
Microsoft Visual Studio Solution File, Format Version 12.00
# Visual Studio Version 16
VisualStudioVersion = 16.0.31402.337
MinimumVisualStudioVersion = 10.0.40219.1
Project("{9A19103F-16F7-4668-BE54-9A1E7A4F7556}") = "ConsoleApp1", "ConsoleApp1\ConsoleApp1.csproj", "{706D9AA8-06F8-4227-A420-DBC8CDD56C20}"
EndProject
Project("{9A19103F-16F7-4668-BE54-9A1E7A4F7556}") = "Net5ConaoleApp", "Net5ConaoleApp\Net5ConaoleApp.csproj", "{127AEEF2-FD9C-4B70-AACB-9B7C9B40033F}"
EndProject
Global
	GlobalSection(SolutionConfigurationPlatforms) = preSolution
		Debug|Any CPU = Debug|Any CPU
		Release|Any CPU = Release|Any CPU
	EndGlobalSection
	GlobalSection(ProjectConfigurationPlatforms) = postSolution
		{706D9AA8-06F8-4227-A420-DBC8CDD56C20}.Debug|Any CPU.ActiveCfg = Debug|Any CPU
		{706D9AA8-06F8-4227-A420-DBC8CDD56C20}.Debug|Any CPU.Build.0 = Debug|Any CPU
		{706D9AA8-06F8-4227-A420-DBC8CDD56C20}.Release|Any CPU.ActiveCfg = Release|Any CPU
		{706D9AA8-06F8-4227-A420-DBC8CDD56C20}.Release|Any CPU.Build.0 = Release|Any CPU
		{127AEEF2-FD9C-4B70-AACB-9B7C9B40033F}.Debug|Any CPU.ActiveCfg = Debug|Any CPU
		{127AEEF2-FD9C-4B70-AACB-9B7C9B40033F}.Debug|Any CPU.Build.0 = Debug|Any CPU
		{127AEEF2-FD9C-4B70-AACB-9B7C9B40033F}.Release|Any CPU.ActiveCfg = Release|Any CPU
		{127AEEF2-FD9C-4B70-AACB-9B7C9B40033F}.Release|Any CPU.Build.0 = Release|Any CPU
	EndGlobalSection
	GlobalSection(SolutionProperties) = preSolution
		HideSolutionNode = FALSE
	EndGlobalSection
	GlobalSection(ExtensibilityGlobals) = postSolution
		SolutionGuid = {CC2CB980-6D06-4663-A053-09A009C44F26}
	EndGlobalSection
EndGlobal
